{
  "name": "@bitstreamy/broadcaster",
  "version": "1.0.0",
  "lockfileVersion": 1,
  "requires": true,
  "dependencies": {
    "@bitstreamy/ppspp-client": {
      "version": "0.1.0",
      "requires": {
        "@bitstreamy/ppspp-protocol": "^0.1.0",
        "async": "^2.6.1",
        "fast-bitset": "^1.3.2",
        "lodash": "^4.17.11",
        "node-fetch": "^2.2.0",
        "promise": "^8.0.2",
        "randombytes": "^2.0.6",
        "simple-peer": "^9.3.0",
        "uuid": "^3.3.2",
        "wrtc": "^0.3.7",
        "ws": "^6.1.0"
      }
    },
    "@bitstreamy/ppspp-protocol": {
      "version": "0.1.0",
      "requires": {
        "buffer": "^5.1.0",
        "lodash": "^4.17.11",
        "safe-buffer": "^5.1.2"
      }
    },
    "buffer-alloc": {
      "version": "1.2.0",
      "resolved": "https://registry.npmjs.org/buffer-alloc/-/buffer-alloc-1.2.0.tgz",
      "integrity": "sha512-CFsHQgjtW1UChdXgbyJGtnm+O/uLQeZdtbDo8mfUgYXCHSM1wgrVxXm6bSyrUuErEb+4sYVGCzASBRot7zyrow==",
      "requires": {
        "buffer-alloc-unsafe": "^1.1.0",
        "buffer-fill": "^1.0.0"
      }
    },
    "buffer-alloc-unsafe": {
      "version": "1.1.0",
      "resolved": "https://registry.npmjs.org/buffer-alloc-unsafe/-/buffer-alloc-unsafe-1.1.0.tgz",
      "integrity": "sha512-TEM2iMIEQdJ2yjPJoSIsldnleVaAk1oW3DBVUykyOLsEsFmEc9kn+SFFPz+gl54KQNxlDnAwCXosOS9Okx2xAg=="
    },
    "buffer-fill": {
      "version": "1.0.0",
      "resolved": "https://registry.npmjs.org/buffer-fill/-/buffer-fill-1.0.0.tgz",
      "integrity": "sha1-+PeLdniYiO858gXNY39o5wISKyw="
    },
    "buffer-from": {
      "version": "1.1.1",
      "resolved": "https://registry.npmjs.org/buffer-from/-/buffer-from-1.1.1.tgz",
      "integrity": "sha512-MQcXEUbCKtEo7bhqEs6560Hyd4XaovZlO/k9V3hjVUF/zwW7KBVdSK4gIt/bzwS9MbR5qob+F5jusZsb0YQK2A=="
    },
    "mp4-box-encoding": {
      "version": "1.3.0",
      "resolved": "https://registry.npmjs.org/mp4-box-encoding/-/mp4-box-encoding-1.3.0.tgz",
      "integrity": "sha512-U4pMLpjT/UzB8d36dxj6Mf1bG9xypEvgbuRIa1fztRXNKKTCAtRxsnFZhNOd7YDFOKtjBgssYGvo4H/Q3ZY1MA==",
      "requires": {
        "buffer-alloc": "^1.2.0",
        "buffer-from": "^1.1.0",
        "uint64be": "^2.0.2"
      }
    },
    "uint64be": {
      "version": "2.0.2",
      "resolved": "https://registry.npmjs.org/uint64be/-/uint64be-2.0.2.tgz",
      "integrity": "sha512-9QqdvpGQTXgxthP+lY4e/gIBy+RuqcBaC6JVwT5I3bDLgT/btL6twZMR0pI3/Fgah9G/pdwzIprE5gL6v9UvyQ==",
      "requires": {
        "buffer-alloc": "^1.1.0"
      }
    }
  }
}
